
Microsoft Visual Studio Solution File, Format Version 12.00
# Visual Studio Version 17
VisualStudioVersion = 17.10.35013.160
MinimumVisualStudioVersion = 10.0.40219.1
Project("{9A19103F-16F7-4668-BE54-9A1E7A4F7556}") = "Tests", "Tests\Tests.csproj", "{50256F8A-4519-4A58-B001-5CB5E0C6FB7C}"
EndProject
Project("{9A19103F-16F7-4668-BE54-9A1E7A4F7556}") = "Lodasharp", "Lodashsharp\Lodasharp.csproj", "{1146D94B-EFFD-40CB-AC04-C3A32A249241}"
EndProject
Global
	GlobalSection(SolutionConfigurationPlatforms) = preSolution
		Debug|Any CPU = Debug|Any CPU
		Release|Any CPU = Release|Any CPU
	EndGlobalSection
	GlobalSection(ProjectConfigurationPlatforms) = postSolution
		{50256F8A-4519-4A58-B001-5CB5E0C6FB7C}.Debug|Any CPU.ActiveCfg = Debug|Any CPU
		{50256F8A-4519-4A58-B001-5CB5E0C6FB7C}.Debug|Any CPU.Build.0 = Debug|Any CPU
		{50256F8A-4519-4A58-B001-5CB5E0C6FB7C}.Release|Any CPU.ActiveCfg = Release|Any CPU
		{50256F8A-4519-4A58-B001-5CB5E0C6FB7C}.Release|Any CPU.Build.0 = Release|Any CPU
		{1146D94B-EFFD-40CB-AC04-C3A32A249241}.Debug|Any CPU.ActiveCfg = Debug|Any CPU
		{1146D94B-EFFD-40CB-AC04-C3A32A249241}.Debug|Any CPU.Build.0 = Debug|Any CPU
		{1146D94B-EFFD-40CB-AC04-C3A32A249241}.Release|Any CPU.ActiveCfg = Release|Any CPU
		{1146D94B-EFFD-40CB-AC04-C3A32A249241}.Release|Any CPU.Build.0 = Release|Any CPU
	EndGlobalSection
	GlobalSection(SolutionProperties) = preSolution
		HideSolutionNode = FALSE
	EndGlobalSection
	GlobalSection(ExtensibilityGlobals) = postSolution
		SolutionGuid = {2E6FA508-F94A-4528-96D1-0DC0CFFD8677}
	EndGlobalSection
EndGlobal
